
Microsoft Visual Studio Solution File, Format Version 12.00
# Visual Studio Version 17
VisualStudioVersion = 17.8.34316.72
MinimumVisualStudioVersion = 10.0.40219.1
Project("{FAE04EC0-301F-11D3-BF4B-00C04F79EFBC}") = "Masala1.2", "Masala1.2\Masala1.2.csproj", "{8AFCE329-CA36-4759-AF59-BEC3863BF57E}"
EndProject
Global
	GlobalSection(SolutionConfigurationPlatforms) = preSolution
		Debug|Any CPU = Debug|Any CPU
		Release|Any CPU = Release|Any CPU
	EndGlobalSection
	GlobalSection(ProjectConfigurationPlatforms) = postSolution
		{8AFCE329-CA36-4759-AF59-BEC3863BF57E}.Debug|Any CPU.ActiveCfg = Debug|Any CPU
		{8AFCE329-CA36-4759-AF59-BEC3863BF57E}.Debug|Any CPU.Build.0 = Debug|Any CPU
		{8AFCE329-CA36-4759-AF59-BEC3863BF57E}.Release|Any CPU.ActiveCfg = Release|Any CPU
		{8AFCE329-CA36-4759-AF59-BEC3863BF57E}.Release|Any CPU.Build.0 = Release|Any CPU
	EndGlobalSection
	GlobalSection(SolutionProperties) = preSolution
		HideSolutionNode = FALSE
	EndGlobalSection
	GlobalSection(ExtensibilityGlobals) = postSolution
		SolutionGuid = {63FC8283-BAE9-490D-852A-F8719A317611}
	EndGlobalSection
EndGlobal
